
Microsoft Visual Studio Solution File, Format Version 12.00
# Visual Studio 15
VisualStudioVersion = 15.0.28307.1831
MinimumVisualStudioVersion = 10.0.40219.1
Project("{FAE04EC0-301F-11D3-BF4B-00C04F79EFBC}") = "technosoru", "technosoru\technosoru.csproj", "{749A4E6B-BB92-4795-81FB-031D6D740E08}"
EndProject
Global
	GlobalSection(SolutionConfigurationPlatforms) = preSolution
		Debug|Any CPU = Debug|Any CPU
		Release|Any CPU = Release|Any CPU
	EndGlobalSection
	GlobalSection(ProjectConfigurationPlatforms) = postSolution
		{749A4E6B-BB92-4795-81FB-031D6D740E08}.Debug|Any CPU.ActiveCfg = Debug|Any CPU
		{749A4E6B-BB92-4795-81FB-031D6D740E08}.Debug|Any CPU.Build.0 = Debug|Any CPU
		{749A4E6B-BB92-4795-81FB-031D6D740E08}.Release|Any CPU.ActiveCfg = Release|Any CPU
		{749A4E6B-BB92-4795-81FB-031D6D740E08}.Release|Any CPU.Build.0 = Release|Any CPU
	EndGlobalSection
	GlobalSection(SolutionProperties) = preSolution
		HideSolutionNode = FALSE
	EndGlobalSection
	GlobalSection(ExtensibilityGlobals) = postSolution
		SolutionGuid = {0F75D19B-62B1-4696-BBC0-9D4E30123927}
	EndGlobalSection
EndGlobal
